// !$*UTF8*$!
{
	archiveVersion = 1;
	classes = {
	};
	objectVersion = 48;
	objects = {

/* Begin PBXBuildFile section */
		F56416C31FEB228D00BF422C /* AppDelegate.swift in Sources */ = {isa = PBXBuildFile; fileRef = F56416C21FEB228D00BF422C /* AppDelegate.swift */; };
		F56416C51FEB228D00BF422C /* ViewController.swift in Sources */ = {isa = PBXBuildFile; fileRef = F56416C41FEB228D00BF422C /* ViewController.swift */; };
		F56416C81FEB228D00BF422C /* Main.storyboard in Resources */ = {isa = PBXBuildFile; fileRef = F56416C61FEB228D00BF422C /* Main.storyboard */; };
		F56416CA1FEB228D00BF422C /* Assets.xcassets in Resources */ = {isa = PBXBuildFile; fileRef = F56416C91FEB228D00BF422C /* Assets.xcassets */; };
		F56416CD1FEB228D00BF422C /* LaunchScreen.storyboard in Resources */ = {isa = PBXBuildFile; fileRef = F56416CB1FEB228D00BF422C /* LaunchScreen.storyboard */; };
		F56416D81FEB228D00BF422C /* PulseTests.swift in Sources */ = {isa = PBXBuildFile; fileRef = F56416D71FEB228D00BF422C /* PulseTests.swift */; };
		F56416E31FEB228D00BF422C /* PulseUITests.swift in Sources */ = {isa = PBXBuildFile; fileRef = F56416E21FEB228D00BF422C /* PulseUITests.swift */; };
		F59E23D31FEDE1070018466D /* PulseButton.swift in Sources */ = {isa = PBXBuildFile; fileRef = F59E23D21FEDE1070018466D /* PulseButton.swift */; };
		F59E23D71FEED4F50018466D /* Extensions.swift in Sources */ = {isa = PBXBuildFile; fileRef = F59E23D61FEED4F50018466D /* Extensions.swift */; };
/* End PBXBuildFile section */

/* Begin PBXContainerItemProxy section */
		F56416D41FEB228D00BF422C /* PBXContainerItemProxy */ = {
			isa = PBXContainerItemProxy;
			containerPortal = F56416B71FEB228D00BF422C /* Project object */;
			proxyType = 1;
			remoteGlobalIDString = F56416BE1FEB228D00BF422C;
			remoteInfo = Pulse;
		};
		F56416DF1FEB228D00BF422C /* PBXContainerItemProxy */ = {
			isa = PBXContainerItemProxy;
			containerPortal = F56416B71FEB228D00BF422C /* Project object */;
			proxyType = 1;
			remoteGlobalIDString = F56416BE1FEB228D00BF422C;
			remoteInfo = Pulse;
		};
/* End PBXContainerItemProxy section */

/* Begin PBXFileReference section */
		F56416BF1FEB228D00BF422C /* Pulse.app */ = {isa = PBXFileReference; explicitFileType = wrapper.application; includeInIndex = 0; path = Pulse.app; sourceTree = BUILT_PRODUCTS_DIR; };
		F56416C21FEB228D00BF422C /* AppDelegate.swift */ = {isa = PBXFileReference; lastKnownFileType = sourcecode.swift; path = AppDelegate.swift; sourceTree = "<group>"; };
		F56416C41FEB228D00BF422C /* ViewController.swift */ = {isa = PBXFileReference; lastKnownFileType = sourcecode.swift; path = ViewController.swift; sourceTree = "<group>"; };
		F56416C71FEB228D00BF422C /* Base */ = {isa = PBXFileReference; lastKnownFileType = file.storyboard; name = Base; path = Base.lproj/Main.storyboard; sourceTree = "<group>"; };
		F56416C91FEB228D00BF422C /* Assets.xcassets */ = {isa = PBXFileReference; lastKnownFileType = folder.assetcatalog; path = Assets.xcassets; sourceTree = "<group>"; };
		F56416CC1FEB228D00BF422C /* Base */ = {isa = PBXFileReference; lastKnownFileType = file.storyboard; name = Base; path = Base.lproj/LaunchScreen.storyboard; sourceTree = "<group>"; };
		F56416CE1FEB228D00BF422C /* Info.plist */ = {isa = PBXFileReference; lastKnownFileType = text.plist.xml; path = Info.plist; sourceTree = "<group>"; };
		F56416D31FEB228D00BF422C /* PulseTests.xctest */ = {isa = PBXFileReference; explicitFileType = wrapper.cfbundle; includeInIndex = 0; path = PulseTests.xctest; sourceTree = BUILT_PRODUCTS_DIR; };
		F56416D71FEB228D00BF422C /* PulseTests.swift */ = {isa = PBXFileReference; lastKnownFileType = sourcecode.swift; path = PulseTests.swift; sourceTree = "<group>"; };
		F56416D91FEB228D00BF422C /* Info.plist */ = {isa = PBXFileReference; lastKnownFileType = text.plist.xml; path = Info.plist; sourceTree = "<group>"; };
		F56416DE1FEB228D00BF422C /* PulseUITests.xctest */ = {isa = PBXFileReference; explicitFileType = wrapper.cfbundle; includeInIndex = 0; path = PulseUITests.xctest; sourceTree = BUILT_PRODUCTS_DIR; };
		F56416E21FEB228D00BF422C /* PulseUITests.swift */ = {isa = PBXFileReference; lastKnownFileType = sourcecode.swift; path = PulseUITests.swift; sourceTree = "<group>"; };
		F56416E41FEB228D00BF422C /* Info.plist */ = {isa = PBXFileReference; lastKnownFileType = text.plist.xml; path = Info.plist; sourceTree = "<group>"; };
		F59E23D21FEDE1070018466D /* PulseButton.swift */ = {isa = PBXFileReference; lastKnownFileType = sourcecode.swift; path = PulseButton.swift; sourceTree = "<group>"; };
		F59E23D61FEED4F50018466D /* Extensions.swift */ = {isa = PBXFileReference; lastKnownFileType = sourcecode.swift; path = Extensions.swift; sourceTree = "<group>"; };
/* End PBXFileReference section */

/* Begin PBXFrameworksBuildPhase section */
		F56416BC1FEB228D00BF422C /* Frameworks */ = {
			isa = PBXFrameworksBuildPhase;
			buildActionMask = 2147483647;
			files = (
			);
			runOnlyForDeploymentPostprocessing = 0;
		};
		F56416D01FEB228D00BF422C /* Frameworks */ = {
			isa = PBXFrameworksBuildPhase;
			buildActionMask = 2147483647;
			files = (
			);
			runOnlyForDeploymentPostprocessing = 0;
		};
		F56416DB1FEB228D00BF422C /* Frameworks */ = {
			isa = PBXFrameworksBuildPhase;
			buildActionMask = 2147483647;
			files = (
			);
			runOnlyForDeploymentPostprocessing = 0;
		};
/* End PBXFrameworksBuildPhase section */

/* Begin PBXGroup section */
		F56416B61FEB228D00BF422C = {
			isa = PBXGroup;
			children = (
				F56416C11FEB228D00BF422C /* Pulse */,
				F56416D61FEB228D00BF422C /* PulseTests */,
				F56416E11FEB228D00BF422C /* PulseUITests */,
				F56416C01FEB228D00BF422C /* Products */,
			);
			sourceTree = "<group>";
		};
		F56416C01FEB228D00BF422C /* Products */ = {
			isa = PBXGroup;
			children = (
				F56416BF1FEB228D00BF422C /* Pulse.app */,
				F56416D31FEB228D00BF422C /* PulseTests.xctest */,
				F56416DE1FEB228D00BF422C /* PulseUITests.xctest */,
			);
			name = Products;
			sourceTree = "<group>";
		};
		F56416C11FEB228D00BF422C /* Pulse */ = {
			isa = PBXGroup;
			children = (
				F56416C21FEB228D00BF422C /* AppDelegate.swift */,
				F56416C41FEB228D00BF422C /* ViewController.swift */,
				F59E23D61FEED4F50018466D /* Extensions.swift */,
				F59E23D21FEDE1070018466D /* PulseButton.swift */,
				F56416C61FEB228D00BF422C /* Main.storyboard */,
				F56416C91FEB228D00BF422C /* Assets.xcassets */,
				F56416CB1FEB228D00BF422C /* LaunchScreen.storyboard */,
				F56416CE1FEB228D00BF422C /* Info.plist */,
			);
			path = Pulse;
			sourceTree = "<group>";
		};
		F56416D61FEB228D00BF422C /* PulseTests */ = {
			isa = PBXGroup;
			children = (
				F56416D71FEB228D00BF422C /* PulseTests.swift */,
				F56416D91FEB228D00BF422C /* Info.plist */,
			);
			path = PulseTests;
			sourceTree = "<group>";
		};
		F56416E11FEB228D00BF422C /* PulseUITests */ = {
			isa = PBXGroup;
			children = (
				F56416E21FEB228D00BF422C /* PulseUITests.swift */,
				F56416E41FEB228D00BF422C /* Info.plist */,
			);
			path = PulseUITests;
			sourceTree = "<group>";
		};
/* End PBXGroup section */

/* Begin PBXNativeTarget section */
		F56416BE1FEB228D00BF422C /* Pulse */ = {
			isa = PBXNativeTarget;
			buildConfigurationList = F56416E71FEB228D00BF422C /* Build configuration list for PBXNativeTarget "Pulse" */;
			buildPhases = (
				F56416BB1FEB228D00BF422C /* Sources */,
				F56416BC1FEB228D00BF422C /* Frameworks */,
				F56416BD1FEB228D00BF422C /* Resources */,
			);
			buildRules = (
			);
			dependencies = (
			);
			name = Pulse;
			productName = Pulse;
			productReference = F56416BF1FEB228D00BF422C /* Pulse.app */;
			productType = "com.apple.product-type.application";
		};
		F56416D21FEB228D00BF422C /* PulseTests */ = {
			isa = PBXNativeTarget;
			buildConfigurationList = F56416EA1FEB228D00BF422C /* Build configuration list for PBXNativeTarget "PulseTests" */;
			buildPhases = (
				F56416CF1FEB228D00BF422C /* Sources */,
				F56416D01FEB228D00BF422C /* Frameworks */,
				F56416D11FEB228D00BF422C /* Resources */,
			);
			buildRules = (
			);
			dependencies = (
				F56416D51FEB228D00BF422C /* PBXTargetDependency */,
			);
			name = PulseTests;
			productName = PulseTests;
			productReference = F56416D31FEB228D00BF422C /* PulseTests.xctest */;
			productType = "com.apple.product-type.bundle.unit-test";
		};
		F56416DD1FEB228D00BF422C /* PulseUITests */ = {
			isa = PBXNativeTarget;
			buildConfigurationList = F56416ED1FEB228D00BF422C /* Build configuration list for PBXNativeTarget "PulseUITests" */;
			buildPhases = (
				F56416DA1FEB228D00BF422C /* Sources */,
				F56416DB1FEB228D00BF422C /* Frameworks */,
				F56416DC1FEB228D00BF422C /* Resources */,
			);
			buildRules = (
			);
			dependencies = (
				F56416E01FEB228D00BF422C /* PBXTargetDependency */,
			);
			name = PulseUITests;
			productName = PulseUITests;
			productReference = F56416DE1FEB228D00BF422C /* PulseUITests.xctest */;
			productType = "com.apple.product-type.bundle.ui-testing";
		};
/* End PBXNativeTarget section */

/* Begin PBXProject section */
		F56416B71FEB228D00BF422C /* Project object */ = {
			isa = PBXProject;
			attributes = {
				LastSwiftUpdateCheck = 0920;
				LastUpgradeCheck = 0920;
				ORGANIZATIONNAME = "Jan Senderek";
				TargetAttributes = {
					F56416BE1FEB228D00BF422C = {
						CreatedOnToolsVersion = 9.2;
						ProvisioningStyle = Automatic;
					};
					F56416D21FEB228D00BF422C = {
						CreatedOnToolsVersion = 9.2;
						ProvisioningStyle = Automatic;
						TestTargetID = F56416BE1FEB228D00BF422C;
					};
					F56416DD1FEB228D00BF422C = {
						CreatedOnToolsVersion = 9.2;
						ProvisioningStyle = Automatic;
						TestTargetID = F56416BE1FEB228D00BF422C;
					};
				};
			};
			buildConfigurationList = F56416BA1FEB228D00BF422C /* Build configuration list for PBXProject "Pulse" */;
			compatibilityVersion = "Xcode 8.0";
			developmentRegion = en;
			hasScannedForEncodings = 0;
			knownRegions = (
				en,
				Base,
			);
			mainGroup = F56416B61FEB228D00BF422C;
			productRefGroup = F56416C01FEB228D00BF422C /* Products */;
			projectDirPath = "";
			projectRoot = "";
			targets = (
				F56416BE1FEB228D00BF422C /* Pulse */,
				F56416D21FEB228D00BF422C /* PulseTests */,
				F56416DD1FEB228D00BF422C /* PulseUITests */,
			);
		};
/* End PBXProject section */

/* Begin PBXResourcesBuildPhase section */
		F56416BD1FEB228D00BF422C /* Resources */ = {
			isa = PBXResourcesBuildPhase;
			buildActionMask = 2147483647;
			files = (
				F56416CD1FEB228D00BF422C /* LaunchScreen.storyboard in Resources */,
				F56416CA1FEB228D00BF422C /* Assets.xcassets in Resources */,
				F56416C81FEB228D00BF422C /* Main.storyboard in Resources */,
			);
			runOnlyForDeploymentPostprocessing = 0;
		};
		F56416D11FEB228D00BF422C /* Resources */ = {
			isa = PBXResourcesBuildPhase;
			buildActionMask = 2147483647;
			files = (
			);
			runOnlyForDeploymentPostprocessing = 0;
		};
		F56416DC1FEB228D00BF422C /* Resources */ = {
			isa = PBXResourcesBuildPhase;
			buildActionMask = 2147483647;
			files = (
			);
			runOnlyForDeploymentPostprocessing = 0;
		};
/* End PBXResourcesBuildPhase section */

/* Begin PBXSourcesBuildPhase section */
		F56416BB1FEB228D00BF422C /* Sources */ = {
			isa = PBXSourcesBuildPhase;
			buildActionMask = 2147483647;
			files = (
				F59E23D71FEED4F50018466D /* Extensions.swift in Sources */,
				F56416C51FEB228D00BF422C /* ViewController.swift in Sources */,
				F56416C31FEB228D00BF422C /* AppDelegate.swift in Sources */,
				F59E23D31FEDE1070018466D /* PulseButton.swift in Sources */,
			);
			runOnlyForDeploymentPostprocessing = 0;
		};
		F56416CF1FEB228D00BF422C /* Sources */ = {
			isa = PBXSourcesBuildPhase;
			buildActionMask = 2147483647;
			files = (
				F56416D81FEB228D00BF422C /* PulseTests.swift in Sources */,
			);
			runOnlyForDeploymentPostprocessing = 0;
		};
		F56416DA1FEB228D00BF422C /* Sources */ = {
			isa = PBXSourcesBuildPhase;
			buildActionMask = 2147483647;
			files = (
				F56416E31FEB228D00BF422C /* PulseUITests.swift in Sources */,
			);
			runOnlyForDeploymentPostprocessing = 0;
		};
/* End PBXSourcesBuildPhase section */

/* Begin PBXTargetDependency section */
		F56416D51FEB228D00BF422C /* PBXTargetDependency */ = {
			isa = PBXTargetDependency;
			target = F56416BE1FEB228D00BF422C /* Pulse */;
			targetProxy = F56416D41FEB228D00BF422C /* PBXContainerItemProxy */;
		};
		F56416E01FEB228D00BF422C /* PBXTargetDependency */ = {
			isa = PBXTargetDependency;
			target = F56416BE1FEB228D00BF422C /* Pulse */;
			targetProxy = F56416DF1FEB228D00BF422C /* PBXContainerItemProxy */;
		};
/* End PBXTargetDependency section */

/* Begin PBXVariantGroup section */
		F56416C61FEB228D00BF422C /* Main.storyboard */ = {
			isa = PBXVariantGroup;
			children = (
				F56416C71FEB228D00BF422C /* Base */,
			);
			name = Main.storyboard;
			sourceTree = "<group>";
		};
		F56416CB1FEB228D00BF422C /* LaunchScreen.storyboard */ = {
			isa = PBXVariantGroup;
			children = (
				F56416CC1FEB228D00BF422C /* Base */,
			);
			name = LaunchScreen.storyboard;
			sourceTree = "<group>";
		};
/* End PBXVariantGroup section */

/* Begin XCBuildConfiguration section */
		F56416E51FEB228D00BF422C /* Debug */ = {
			isa = XCBuildConfiguration;
			buildSettings = {
				ALWAYS_SEARCH_USER_PATHS = NO;
				CLANG_ANALYZER_NONNULL = YES;
				CLANG_ANALYZER_NUMBER_OBJECT_CONVERSION = YES_AGGRESSIVE;
				CLANG_CXX_LANGUAGE_STANDARD = "gnu++14";
				CLANG_CXX_LIBRARY = "libc++";
				CLANG_ENABLE_MODULES = YES;
				CLANG_ENABLE_OBJC_ARC = YES;
				CLANG_WARN_BLOCK_CAPTURE_AUTORELEASING = YES;
				CLANG_WARN_BOOL_CONVERSION = YES;
				CLANG_WARN_COMMA = YES;
				CLANG_WARN_CONSTANT_CONVERSION = YES;
				CLANG_WARN_DIRECT_OBJC_ISA_USAGE = YES_ERROR;
				CLANG_WARN_DOCUMENTATION_COMMENTS = YES;
				CLANG_WARN_EMPTY_BODY = YES;
				CLANG_WARN_ENUM_CONVERSION = YES;
				CLANG_WARN_INFINITE_RECURSION = YES;
				CLANG_WARN_INT_CONVERSION = YES;
				CLANG_WARN_NON_LITERAL_NULL_CONVERSION = YES;
				CLANG_WARN_OBJC_LITERAL_CONVERSION = YES;
				CLANG_WARN_OBJC_ROOT_CLASS = YES_ERROR;
				CLANG_WARN_RANGE_LOOP_ANALYSIS = YES;
				CLANG_WARN_STRICT_PROTOTYPES = YES;
				CLANG_WARN_SUSPICIOUS_MOVE = YES;
				CLANG_WARN_UNGUARDED_AVAILABILITY = YES_AGGRESSIVE;
				CLANG_WARN_UNREACHABLE_CODE = YES;
				CLANG_WARN__DUPLICATE_METHOD_MATCH = YES;
				CODE_SIGN_IDENTITY = "iPhone Developer";
				COPY_PHASE_STRIP = NO;
				DEBUG_INFORMATION_FORMAT = dwarf;
				ENABLE_STRICT_OBJC_MSGSEND = YES;
				ENABLE_TESTABILITY = YES;
				GCC_C_LANGUAGE_STANDARD = gnu11;
				GCC_DYNAMIC_NO_PIC = NO;
				GCC_NO_COMMON_BLOCKS = YES;
				GCC_OPTIMIZATION_LEVEL = 0;
				GCC_PREPROCESSOR_DEFINITIONS = (
					"DEBUG=1",
					"$(inherited)",
				);
				GCC_WARN_64_TO_32_BIT_CONVERSION = YES;
				GCC_WARN_ABOUT_RETURN_TYPE = YES_ERROR;
				GCC_WARN_UNDECLARED_SELECTOR = YES;
				GCC_WARN_UNINITIALIZED_AUTOS = YES_AGGRESSIVE;
				GCC_WARN_UNUSED_FUNCTION = YES;
				GCC_WARN_UNUSED_VARIABLE = YES;
				IPHONEOS_DEPLOYMENT_TARGET = 11.2;
				MTL_ENABLE_DEBUG_INFO = YES;
				ONLY_ACTIVE_ARCH = YES;
				SDKROOT = iphoneos;
				SWIFT_ACTIVE_COMPILATION_CONDITIONS = DEBUG;
				SWIFT_OPTIMIZATION_LEVEL = "-Onone";
			};
			name = Debug;
		};
		F56416E61FEB228D00BF422C /* Release */ = {
			isa = XCBuildConfiguration;
			buildSettings = {
				ALWAYS_SEARCH_USER_PATHS = NO;
				CLANG_ANALYZER_NONNULL = YES;
				CLANG_ANALYZER_NUMBER_OBJECT_CONVERSION = YES_AGGRESSIVE;
				CLANG_CXX_LANGUAGE_STANDARD = "gnu++14";
				CLANG_CXX_LIBRARY = "libc++";
				CLANG_ENABLE_MODULES = YES;
				CLANG_ENABLE_OBJC_ARC = YES;
				CLANG_WARN_BLOCK_CAPTURE_AUTORELEASING = YES;
				CLANG_WARN_BOOL_CONVERSION = YES;
				CLANG_WARN_COMMA = YES;
				CLANG_WARN_CONSTANT_CONVERSION = YES;
				CLANG_WARN_DIRECT_OBJC_ISA_USAGE = YES_ERROR;
				CLANG_WARN_DOCUMENTATION_COMMENTS = YES;
				CLANG_WARN_EMPTY_BODY = YES;
				CLANG_WARN_ENUM_CONVERSION = YES;
				CLANG_WARN_INFINITE_RECURSION = YES;
				CLANG_WARN_INT_CONVERSION = YES;
				CLANG_WARN_NON_LITERAL_NULL_CONVERSION = YES;
				CLANG_WARN_OBJC_LITERAL_CONVERSION = YES;
				CLANG_WARN_OBJC_ROOT_CLASS = YES_ERROR;
				CLANG_WARN_RANGE_LOOP_ANALYSIS = YES;
				CLANG_WARN_STRICT_PROTOTYPES = YES;
				CLANG_WARN_SUSPICIOUS_MOVE = YES;
				CLANG_WARN_UNGUARDED_AVAILABILITY = YES_AGGRESSIVE;
				CLANG_WARN_UNREACHABLE_CODE = YES;
				CLANG_WARN__DUPLICATE_METHOD_MATCH = YES;
				CODE_SIGN_IDENTITY = "iPhone Developer";
				COPY_PHASE_STRIP = NO;
				DEBUG_INFORMATION_FORMAT = "dwarf-with-dsym";
				ENABLE_NS_ASSERTIONS = NO;
				ENABLE_STRICT_OBJC_MSGSEND = YES;
				GCC_C_LANGUAGE_STANDARD = gnu11;
				GCC_NO_COMMON_BLOCKS = YES;
				GCC_WARN_64_TO_32_BIT_CONVERSION = YES;
				GCC_WARN_ABOUT_RETURN_TYPE = YES_ERROR;
				GCC_WARN_UNDECLARED_SELECTOR = YES;
				GCC_WARN_UNINITIALIZED_AUTOS = YES_AGGRESSIVE;
				GCC_WARN_UNUSED_FUNCTION = YES;
				GCC_WARN_UNUSED_VARIABLE = YES;
				IPHONEOS_DEPLOYMENT_TARGET = 11.2;
				MTL_ENABLE_DEBUG_INFO = NO;
				SDKROOT = iphoneos;
				SWIFT_OPTIMIZATION_LEVEL = "-Owholemodule";
				VALIDATE_PRODUCT = YES;
			};
			name = Release;
		};
		F56416E81FEB228D00BF422C /* Debug */ = {
			isa = XCBuildConfiguration;
			buildSettings = {
				ASSETCATALOG_COMPILER_APPICON_NAME = AppIcon;
				CODE_SIGN_STYLE = Automatic;
				DEVELOPMENT_TEAM = 59X4Y9UZMB;
				INFOPLIST_FILE = Pulse/Info.plist;
				LD_RUNPATH_SEARCH_PATHS = "$(inherited) @executable_path/Frameworks";
				PRODUCT_BUNDLE_IDENTIFIER = Moo.Pulse;
				PRODUCT_NAME = "$(TARGET_NAME)";
				SWIFT_VERSION = 4.0;
				TARGETED_DEVICE_FAMILY = "1,2";
			};
			name = Debug;
		};
		F56416E91FEB228D00BF422C /* Release */ = {
			isa = XCBuildConfiguration;
			buildSettings = {
				ASSETCATALOG_COMPILER_APPICON_NAME = AppIcon;
				CODE_SIGN_STYLE = Automatic;
				DEVELOPMENT_TEAM = 59X4Y9UZMB;
				INFOPLIST_FILE = Pulse/Info.plist;
				LD_RUNPATH_SEARCH_PATHS = "$(inherited) @executable_path/Frameworks";
				PRODUCT_BUNDLE_IDENTIFIER = Moo.Pulse;
				PRODUCT_NAME = "$(TARGET_NAME)";
				SWIFT_VERSION = 4.0;
				TARGETED_DEVICE_FAMILY = "1,2";
			};
			name = Release;
		};
		F56416EB1FEB228D00BF422C /* Debug */ = {
			isa = XCBuildConfiguration;
			buildSettings = {
				ALWAYS_EMBED_SWIFT_STANDARD_LIBRARIES = YES;
				BUNDLE_LOADER = "$(TEST_HOST)";
				CODE_SIGN_STYLE = Automatic;
				DEVELOPMENT_TEAM = 59X4Y9UZMB;
				INFOPLIST_FILE = PulseTests/Info.plist;
				LD_RUNPATH_SEARCH_PATHS = "$(inherited) @executable_path/Frameworks @loader_path/Frameworks";
				PRODUCT_BUNDLE_IDENTIFIER = Moo.PulseTests;
				PRODUCT_NAME = "$(TARGET_NAME)";
				SWIFT_VERSION = 4.0;
				TARGETED_DEVICE_FAMILY = "1,2";
				TEST_HOST = "$(BUILT_PRODUCTS_DIR)/Pulse.app/Pulse";
			};
			name = Debug;
		};
		F56416EC1FEB228D00BF422C /* Release */ = {
			isa = XCBuildConfiguration;
			buildSettings = {
				ALWAYS_EMBED_SWIFT_STANDARD_LIBRARIES = YES;
				BUNDLE_LOADER = "$(TEST_HOST)";
				CODE_SIGN_STYLE = Automatic;
				DEVELOPMENT_TEAM = 59X4Y9UZMB;
				INFOPLIST_FILE = PulseTests/Info.plist;
				LD_RUNPATH_SEARCH_PATHS = "$(inherited) @executable_path/Frameworks @loader_path/Frameworks";
				PRODUCT_BUNDLE_IDENTIFIER = Moo.PulseTests;
				PRODUCT_NAME = "$(TARGET_NAME)";
				SWIFT_VERSION = 4.0;
				TARGETED_DEVICE_FAMILY = "1,2";
				TEST_HOST = "$(BUILT_PRODUCTS_DIR)/Pulse.app/Pulse";
			};
			name = Release;
		};
		F56416EE1FEB228D00BF422C /* Debug */ = {
			isa = XCBuildConfiguration;
			buildSettings = {
				ALWAYS_EMBED_SWIFT_STANDARD_LIBRARIES = YES;
				CODE_SIGN_STYLE = Automatic;
				DEVELOPMENT_TEAM = 59X4Y9UZMB;
				INFOPLIST_FILE = PulseUITests/Info.plist;
				LD_RUNPATH_SEARCH_PATHS = "$(inherited) @executable_path/Frameworks @loader_path/Frameworks";
				PRODUCT_BUNDLE_IDENTIFIER = Moo.PulseUITests;
				PRODUCT_NAME = "$(TARGET_NAME)";
				SWIFT_VERSION = 4.0;
				TARGETED_DEVICE_FAMILY = "1,2";
				TEST_TARGET_NAME = Pulse;
			};
			name = Debug;
		};
		F56416EF1FEB228D00BF422C /* Release */ = {
			isa = XCBuildConfiguration;
			buildSettings = {
				ALWAYS_EMBED_SWIFT_STANDARD_LIBRARIES = YES;
				CODE_SIGN_STYLE = Automatic;
				DEVELOPMENT_TEAM = 59X4Y9UZMB;
				INFOPLIST_FILE = PulseUITests/Info.plist;
				LD_RUNPATH_SEARCH_PATHS = "$(inherited) @executable_path/Frameworks @loader_path/Frameworks";
				PRODUCT_BUNDLE_IDENTIFIER = Moo.PulseUITests;
				PRODUCT_NAME = "$(TARGET_NAME)";
				SWIFT_VERSION = 4.0;
				TARGETED_DEVICE_FAMILY = "1,2";
				TEST_TARGET_NAME = Pulse;
			};
			name = Release;
		};
/* End XCBuildConfiguration section */

/* Begin XCConfigurationList section */
		F56416BA1FEB228D00BF422C /* Build configuration list for PBXProject "Pulse" */ = {
			isa = XCConfigurationList;
			buildConfigurations = (
				F56416E51FEB228D00BF422C /* Debug */,
				F56416E61FEB228D00BF422C /* Release */,
			);
			defaultConfigurationIsVisible = 0;
			defaultConfigurationName = Release;
		};
		F56416E71FEB228D00BF422C /* Build configuration list for PBXNativeTarget "Pulse" */ = {
			isa = XCConfigurationList;
			buildConfigurations = (
				F56416E81FEB228D00BF422C /* Debug */,
				F56416E91FEB228D00BF422C /* Release */,
			);
			defaultConfigurationIsVisible = 0;
			defaultConfigurationName = Release;
		};
		F56416EA1FEB228D00BF422C /* Build configuration list for PBXNativeTarget "PulseTests" */ = {
			isa = XCConfigurationList;
			buildConfigurations = (
				F56416EB1FEB228D00BF422C /* Debug */,
				F56416EC1FEB228D00BF422C /* Release */,
			);
			defaultConfigurationIsVisible = 0;
			defaultConfigurationName = Release;
		};
		F56416ED1FEB228D00BF422C /* Build configuration list for PBXNativeTarget "PulseUITests" */ = {
			isa = XCConfigurationList;
			buildConfigurations = (
				F56416EE1FEB228D00BF422C /* Debug */,
				F56416EF1FEB228D00BF422C /* Release */,
			);
			defaultConfigurationIsVisible = 0;
			defaultConfigurationName = Release;
		};
/* End XCConfigurationList section */
	};
	rootObject = F56416B71FEB228D00BF422C /* Project object */;
}
